
Microsoft Visual Studio Solution File, Format Version 11.00
# Visual C++ Express 2010
Project("{8BC9CEB8-8B4A-11D0-8D11-00A0C91BC942}") = "kosmostars", "kosmostars.vcxproj", "{5A240C11-780B-4725-A1FA-2CDD78A31953}"
EndProject
Global
	GlobalSection(SolutionConfigurationPlatforms) = preSolution
		Debug|Win32 = Debug|Win32
		Release|Win32 = Release|Win32
	EndGlobalSection
	GlobalSection(ProjectConfigurationPlatforms) = postSolution
		{5A240C11-780B-4725-A1FA-2CDD78A31953}.Debug|Win32.ActiveCfg = Debug|Win32
		{5A240C11-780B-4725-A1FA-2CDD78A31953}.Debug|Win32.Build.0 = Debug|Win32
		{5A240C11-780B-4725-A1FA-2CDD78A31953}.Release|Win32.ActiveCfg = Release|Win32
		{5A240C11-780B-4725-A1FA-2CDD78A31953}.Release|Win32.Build.0 = Release|Win32
	EndGlobalSection
	GlobalSection(SolutionProperties) = preSolution
		HideSolutionNode = FALSE
	EndGlobalSection
EndGlobal
